{
	"name": "@imazzine/mln.fb",
	"version": "0.0.0",
	"lockfileVersion": 2,
	"requires": true,
	"packages": {
		"": {
			"name": "@imazzine/mln.fb",
			"version": "0.0.0",
			"license": "Apache-2.0",
			"dependencies": {
				"flatbuffers": "^2.0.4"
			}
		},
		"node_modules/flatbuffers": {
			"version": "2.0.4",
			"resolved": "https://registry.npmjs.org/flatbuffers/-/flatbuffers-2.0.4.tgz",
			"integrity": "sha512-4rUFVDPjSoP0tOII34oQf+72NKU7E088U5oX7kwICahft0UB2kOQ9wUzzCp+OHxByERIfxRDCgX5mP8Pjkfl0g=="
		}
	},
	"dependencies": {
		"flatbuffers": {
			"version": "2.0.4",
			"resolved": "https://registry.npmjs.org/flatbuffers/-/flatbuffers-2.0.4.tgz",
			"integrity": "sha512-4rUFVDPjSoP0tOII34oQf+72NKU7E088U5oX7kwICahft0UB2kOQ9wUzzCp+OHxByERIfxRDCgX5mP8Pjkfl0g=="
		}
	}
}
